
Microsoft Visual Studio Solution File, Format Version 12.00
Project("{FAE04EC0-301F-11D3-BF4B-00C04F79EFBC}") = "Mediary", "Mediary\Mediary\Mediary.csproj", "{133BD65D-9C24-46C0-99D7-25ADBB1DC975}"
EndProject
Project("{FAE04EC0-301F-11D3-BF4B-00C04F79EFBC}") = "Mediary.Android", "Mediary\Mediary.Android\Mediary.Android.csproj", "{5A6AC8E9-8002-4BF2-B921-A719CD1A06D0}"
EndProject
Project("{FAE04EC0-301F-11D3-BF4B-00C04F79EFBC}") = "Mediary.Desktop", "Mediary\Mediary.Desktop\Mediary.Desktop.csproj", "{4AAF539C-37DA-48D8-B5CB-2F93003F29AB}"
EndProject
Project("{FAE04EC0-301F-11D3-BF4B-00C04F79EFBC}") = "Mediary.iOS", "Mediary\Mediary.iOS\Mediary.iOS.csproj", "{96F846B0-CEE3-42BF-ABA1-45C970D3CA66}"
EndProject
Project("{FAE04EC0-301F-11D3-BF4B-00C04F79EFBC}") = "Mediary.Browser", "Mediary\Mediary.Browser\Mediary.Browser.csproj", "{15EF06B6-B9C2-4784-9A26-DFE6FB8B3C00}"
EndProject
Project("{FAE04EC0-301F-11D3-BF4B-00C04F79EFBC}") = "Mediary.Domain", "Mediary.Domain\Mediary.Domain.csproj", "{892C93E7-49C8-4E2E-B28C-E432408F0DC3}"
EndProject
Global
	GlobalSection(SolutionConfigurationPlatforms) = preSolution
		Debug|Any CPU = Debug|Any CPU
		Release|Any CPU = Release|Any CPU
	EndGlobalSection
	GlobalSection(ProjectConfigurationPlatforms) = postSolution
		{133BD65D-9C24-46C0-99D7-25ADBB1DC975}.Debug|Any CPU.ActiveCfg = Debug|Any CPU
		{133BD65D-9C24-46C0-99D7-25ADBB1DC975}.Debug|Any CPU.Build.0 = Debug|Any CPU
		{133BD65D-9C24-46C0-99D7-25ADBB1DC975}.Release|Any CPU.ActiveCfg = Release|Any CPU
		{133BD65D-9C24-46C0-99D7-25ADBB1DC975}.Release|Any CPU.Build.0 = Release|Any CPU
		{5A6AC8E9-8002-4BF2-B921-A719CD1A06D0}.Debug|Any CPU.ActiveCfg = Debug|Any CPU
		{5A6AC8E9-8002-4BF2-B921-A719CD1A06D0}.Debug|Any CPU.Build.0 = Debug|Any CPU
		{5A6AC8E9-8002-4BF2-B921-A719CD1A06D0}.Debug|Any CPU.Deploy.0 = Debug|Any CPU
		{5A6AC8E9-8002-4BF2-B921-A719CD1A06D0}.Release|Any CPU.ActiveCfg = Release|Any CPU
		{5A6AC8E9-8002-4BF2-B921-A719CD1A06D0}.Release|Any CPU.Build.0 = Release|Any CPU
		{5A6AC8E9-8002-4BF2-B921-A719CD1A06D0}.Release|Any CPU.Deploy.0 = Release|Any CPU
		{4AAF539C-37DA-48D8-B5CB-2F93003F29AB}.Debug|Any CPU.ActiveCfg = Debug|Any CPU
		{4AAF539C-37DA-48D8-B5CB-2F93003F29AB}.Debug|Any CPU.Build.0 = Debug|Any CPU
		{4AAF539C-37DA-48D8-B5CB-2F93003F29AB}.Release|Any CPU.ActiveCfg = Release|Any CPU
		{4AAF539C-37DA-48D8-B5CB-2F93003F29AB}.Release|Any CPU.Build.0 = Release|Any CPU
		{96F846B0-CEE3-42BF-ABA1-45C970D3CA66}.Debug|Any CPU.ActiveCfg = Debug|Any CPU
		{96F846B0-CEE3-42BF-ABA1-45C970D3CA66}.Debug|Any CPU.Build.0 = Debug|Any CPU
		{96F846B0-CEE3-42BF-ABA1-45C970D3CA66}.Debug|Any CPU.Deploy.0 = Debug|Any CPU
		{96F846B0-CEE3-42BF-ABA1-45C970D3CA66}.Release|Any CPU.ActiveCfg = Release|Any CPU
		{96F846B0-CEE3-42BF-ABA1-45C970D3CA66}.Release|Any CPU.Build.0 = Release|Any CPU
		{96F846B0-CEE3-42BF-ABA1-45C970D3CA66}.Release|Any CPU.Deploy.0 = Release|Any CPU
		{15EF06B6-B9C2-4784-9A26-DFE6FB8B3C00}.Debug|Any CPU.ActiveCfg = Debug|Any CPU
		{15EF06B6-B9C2-4784-9A26-DFE6FB8B3C00}.Debug|Any CPU.Build.0 = Debug|Any CPU
		{15EF06B6-B9C2-4784-9A26-DFE6FB8B3C00}.Release|Any CPU.ActiveCfg = Release|Any CPU
		{15EF06B6-B9C2-4784-9A26-DFE6FB8B3C00}.Release|Any CPU.Build.0 = Release|Any CPU
		{892C93E7-49C8-4E2E-B28C-E432408F0DC3}.Debug|Any CPU.ActiveCfg = Debug|Any CPU
		{892C93E7-49C8-4E2E-B28C-E432408F0DC3}.Debug|Any CPU.Build.0 = Debug|Any CPU
		{892C93E7-49C8-4E2E-B28C-E432408F0DC3}.Release|Any CPU.ActiveCfg = Release|Any CPU
		{892C93E7-49C8-4E2E-B28C-E432408F0DC3}.Release|Any CPU.Build.0 = Release|Any CPU
	EndGlobalSection
EndGlobal
